
Microsoft Visual Studio Solution File, Format Version 12.00
# Visual Studio Version 16
VisualStudioVersion = 16.0.32228.343
MinimumVisualStudioVersion = 10.0.40219.1
Project("{FAE04EC0-301F-11D3-BF4B-00C04F79EFBC}") = "Michael-Exercise 1", "Michael-Dunnett-Exercise 1\Michael-Exercise 1.csproj", "{CCFDA78B-5F73-44A8-84FE-33D5F054C619}"
EndProject
Global
	GlobalSection(SolutionConfigurationPlatforms) = preSolution
		Debug|Any CPU = Debug|Any CPU
		Release|Any CPU = Release|Any CPU
	EndGlobalSection
	GlobalSection(ProjectConfigurationPlatforms) = postSolution
		{CCFDA78B-5F73-44A8-84FE-33D5F054C619}.Debug|Any CPU.ActiveCfg = Debug|Any CPU
		{CCFDA78B-5F73-44A8-84FE-33D5F054C619}.Debug|Any CPU.Build.0 = Debug|Any CPU
		{CCFDA78B-5F73-44A8-84FE-33D5F054C619}.Release|Any CPU.ActiveCfg = Release|Any CPU
		{CCFDA78B-5F73-44A8-84FE-33D5F054C619}.Release|Any CPU.Build.0 = Release|Any CPU
	EndGlobalSection
	GlobalSection(SolutionProperties) = preSolution
		HideSolutionNode = FALSE
	EndGlobalSection
	GlobalSection(ExtensibilityGlobals) = postSolution
		SolutionGuid = {35450954-B6FC-41A4-A50B-1BD44F35B80A}
	EndGlobalSection
EndGlobal
